
Microsoft Visual Studio Solution File, Format Version 12.00
# Visual Studio 15
VisualStudioVersion = 15.0.27130.2027
MinimumVisualStudioVersion = 10.0.40219.1
Project("{8BC9CEB8-8B4A-11D0-8D11-00A0C91BC942}") = "Mod2Lab", "Mod2Lab\Mod2Lab.vcxproj", "{04FDF424-93DC-4895-8CA2-6EAFF0AF3404}"
EndProject
Global
	GlobalSection(SolutionConfigurationPlatforms) = preSolution
		Debug|x64 = Debug|x64
		Debug|x86 = Debug|x86
		Release|x64 = Release|x64
		Release|x86 = Release|x86
	EndGlobalSection
	GlobalSection(ProjectConfigurationPlatforms) = postSolution
		{04FDF424-93DC-4895-8CA2-6EAFF0AF3404}.Debug|x64.ActiveCfg = Debug|x64
		{04FDF424-93DC-4895-8CA2-6EAFF0AF3404}.Debug|x64.Build.0 = Debug|x64
		{04FDF424-93DC-4895-8CA2-6EAFF0AF3404}.Debug|x86.ActiveCfg = Debug|Win32
		{04FDF424-93DC-4895-8CA2-6EAFF0AF3404}.Debug|x86.Build.0 = Debug|Win32
		{04FDF424-93DC-4895-8CA2-6EAFF0AF3404}.Release|x64.ActiveCfg = Release|x64
		{04FDF424-93DC-4895-8CA2-6EAFF0AF3404}.Release|x64.Build.0 = Release|x64
		{04FDF424-93DC-4895-8CA2-6EAFF0AF3404}.Release|x86.ActiveCfg = Release|Win32
		{04FDF424-93DC-4895-8CA2-6EAFF0AF3404}.Release|x86.Build.0 = Release|Win32
	EndGlobalSection
	GlobalSection(SolutionProperties) = preSolution
		HideSolutionNode = FALSE
	EndGlobalSection
	GlobalSection(ExtensibilityGlobals) = postSolution
		SolutionGuid = {72DF07A6-157A-4A58-985E-54C00F02216A}
	EndGlobalSection
EndGlobal
